
Microsoft Visual Studio Solution File, Format Version 12.00
# Visual Studio Version 17
VisualStudioVersion = 17.9.34728.123
MinimumVisualStudioVersion = 10.0.40219.1
Project("{8BC9CEB8-8B4A-11D0-8D11-00A0C91BC942}") = "PG2 HYOKA2", "PG2 HYOKA2.vcxproj", "{FFE9D4C9-83D1-4C3E-B953-75FC3B8897A3}"
EndProject
Global
	GlobalSection(SolutionConfigurationPlatforms) = preSolution
		Debug|x64 = Debug|x64
		Release|x64 = Release|x64
	EndGlobalSection
	GlobalSection(ProjectConfigurationPlatforms) = postSolution
		{FFE9D4C9-83D1-4C3E-B953-75FC3B8897A3}.Debug|x64.ActiveCfg = Debug|x64
		{FFE9D4C9-83D1-4C3E-B953-75FC3B8897A3}.Debug|x64.Build.0 = Debug|x64
		{FFE9D4C9-83D1-4C3E-B953-75FC3B8897A3}.Release|x64.ActiveCfg = Release|x64
		{FFE9D4C9-83D1-4C3E-B953-75FC3B8897A3}.Release|x64.Build.0 = Release|x64
	EndGlobalSection
	GlobalSection(SolutionProperties) = preSolution
		HideSolutionNode = FALSE
	EndGlobalSection
	GlobalSection(ExtensibilityGlobals) = postSolution
		SolutionGuid = {EDA222B4-8767-479B-B5FE-00E07351837D}
	EndGlobalSection
EndGlobal
